
Microsoft Visual Studio Solution File, Format Version 12.00
# Visual Studio 15
VisualStudioVersion = 15.0.27428.2011
MinimumVisualStudioVersion = 10.0.40219.1
Project("{8BC9CEB8-8B4A-11D0-8D11-00A0C91BC942}") = "work10_20 Date", "work10_20 Date\work10_20 Date.vcxproj", "{C7053199-2F57-4F67-AE49-BD1EA7D52AA2}"
EndProject
Global
	GlobalSection(SolutionConfigurationPlatforms) = preSolution
		Debug|x64 = Debug|x64
		Debug|x86 = Debug|x86
		Release|x64 = Release|x64
		Release|x86 = Release|x86
	EndGlobalSection
	GlobalSection(ProjectConfigurationPlatforms) = postSolution
		{C7053199-2F57-4F67-AE49-BD1EA7D52AA2}.Debug|x64.ActiveCfg = Debug|x64
		{C7053199-2F57-4F67-AE49-BD1EA7D52AA2}.Debug|x64.Build.0 = Debug|x64
		{C7053199-2F57-4F67-AE49-BD1EA7D52AA2}.Debug|x86.ActiveCfg = Debug|Win32
		{C7053199-2F57-4F67-AE49-BD1EA7D52AA2}.Debug|x86.Build.0 = Debug|Win32
		{C7053199-2F57-4F67-AE49-BD1EA7D52AA2}.Release|x64.ActiveCfg = Release|x64
		{C7053199-2F57-4F67-AE49-BD1EA7D52AA2}.Release|x64.Build.0 = Release|x64
		{C7053199-2F57-4F67-AE49-BD1EA7D52AA2}.Release|x86.ActiveCfg = Release|Win32
		{C7053199-2F57-4F67-AE49-BD1EA7D52AA2}.Release|x86.Build.0 = Release|Win32
	EndGlobalSection
	GlobalSection(SolutionProperties) = preSolution
		HideSolutionNode = FALSE
	EndGlobalSection
	GlobalSection(ExtensibilityGlobals) = postSolution
		SolutionGuid = {65D3E502-5D1B-4317-80D6-36DEBC2DC7C4}
	EndGlobalSection
EndGlobal
